
Microsoft Visual Studio Solution File, Format Version 12.00
# Visual Studio 15
Project("{FAE04EC0-301F-11D3-BF4B-00C04F79EFBC}") = "Assembly-CSharp", "Assembly-CSharp.csproj", "{21916195-AD84-22EE-3517-BE23AC9C85C9}"
EndProject
Project("{FAE04EC0-301F-11D3-BF4B-00C04F79EFBC}") = "Assembly-CSharp-Editor", "Assembly-CSharp-Editor.csproj", "{22E24515-99C0-2089-C05B-3A0A4C3F8386}"
EndProject
Global
	GlobalSection(SolutionConfigurationPlatforms) = preSolution
		Debug|Any CPU = Debug|Any CPU
		Release|Any CPU = Release|Any CPU
	EndGlobalSection
	GlobalSection(ProjectConfigurationPlatforms) = postSolution
		{21916195-AD84-22EE-3517-BE23AC9C85C9}.Debug|Any CPU.ActiveCfg = Debug|Any CPU
		{21916195-AD84-22EE-3517-BE23AC9C85C9}.Debug|Any CPU.Build.0 = Debug|Any CPU
		{21916195-AD84-22EE-3517-BE23AC9C85C9}.Release|Any CPU.ActiveCfg = Release|Any CPU
		{21916195-AD84-22EE-3517-BE23AC9C85C9}.Release|Any CPU.Build.0 = Release|Any CPU
		{22E24515-99C0-2089-C05B-3A0A4C3F8386}.Debug|Any CPU.ActiveCfg = Debug|Any CPU
		{22E24515-99C0-2089-C05B-3A0A4C3F8386}.Debug|Any CPU.Build.0 = Debug|Any CPU
		{22E24515-99C0-2089-C05B-3A0A4C3F8386}.Release|Any CPU.ActiveCfg = Release|Any CPU
		{22E24515-99C0-2089-C05B-3A0A4C3F8386}.Release|Any CPU.Build.0 = Release|Any CPU
	EndGlobalSection
	GlobalSection(SolutionProperties) = preSolution
		HideSolutionNode = FALSE
	EndGlobalSection
EndGlobal
